
Microsoft Visual Studio Solution File, Format Version 12.00
# Visual Studio Version 16
VisualStudioVersion = 16.0.28705.295
MinimumVisualStudioVersion = 10.0.40219.1
Project("{9A19103F-16F7-4668-BE54-9A1E7A4F7556}") = "FailView", "FailView.csproj", "{B7A765A3-A33B-406C-AC41-EDFCB3C374E9}"
EndProject
Global
	GlobalSection(SolutionConfigurationPlatforms) = preSolution
		Debug|Any CPU = Debug|Any CPU
		Release|Any CPU = Release|Any CPU
	EndGlobalSection
	GlobalSection(ProjectConfigurationPlatforms) = postSolution
		{B7A765A3-A33B-406C-AC41-EDFCB3C374E9}.Debug|Any CPU.ActiveCfg = Debug|Any CPU
		{B7A765A3-A33B-406C-AC41-EDFCB3C374E9}.Debug|Any CPU.Build.0 = Debug|Any CPU
		{B7A765A3-A33B-406C-AC41-EDFCB3C374E9}.Release|Any CPU.ActiveCfg = Release|Any CPU
		{B7A765A3-A33B-406C-AC41-EDFCB3C374E9}.Release|Any CPU.Build.0 = Release|Any CPU
	EndGlobalSection
	GlobalSection(SolutionProperties) = preSolution
		HideSolutionNode = FALSE
	EndGlobalSection
	GlobalSection(ExtensibilityGlobals) = postSolution
		SolutionGuid = {4D861DEE-9B4E-476D-970B-C6FBBB1B3755}
	EndGlobalSection
EndGlobal
